
Microsoft Visual Studio Solution File, Format Version 12.00
# Visual Studio 2012
Project("{FAE04EC0-301F-11D3-BF4B-00C04F79EFBC}") = "UnifiedSMS", "UnifiedSMS\UnifiedSMS.csproj", "{015DB455-2493-443B-BA06-2BBBEC73D465}"
EndProject
Global
	GlobalSection(SolutionConfigurationPlatforms) = preSolution
		Debug|iPhoneSimulator = Debug|iPhoneSimulator
		Release|iPhone = Release|iPhone
		Release|iPhoneSimulator = Release|iPhoneSimulator
		Debug|iPhone = Debug|iPhone
	EndGlobalSection
	GlobalSection(ProjectConfigurationPlatforms) = postSolution
		{015DB455-2493-443B-BA06-2BBBEC73D465}.Debug|iPhoneSimulator.ActiveCfg = Debug|iPhoneSimulator
		{015DB455-2493-443B-BA06-2BBBEC73D465}.Debug|iPhoneSimulator.Build.0 = Debug|iPhoneSimulator
		{015DB455-2493-443B-BA06-2BBBEC73D465}.Release|iPhone.ActiveCfg = Release|iPhone
		{015DB455-2493-443B-BA06-2BBBEC73D465}.Release|iPhone.Build.0 = Release|iPhone
		{015DB455-2493-443B-BA06-2BBBEC73D465}.Release|iPhoneSimulator.ActiveCfg = Release|iPhoneSimulator
		{015DB455-2493-443B-BA06-2BBBEC73D465}.Release|iPhoneSimulator.Build.0 = Release|iPhoneSimulator
		{015DB455-2493-443B-BA06-2BBBEC73D465}.Debug|iPhone.ActiveCfg = Debug|iPhone
		{015DB455-2493-443B-BA06-2BBBEC73D465}.Debug|iPhone.Build.0 = Debug|iPhone
	EndGlobalSection
EndGlobal
